# DO NOT EDIT MANUALLY - Managed by Fern Replay
version: "1.0"
generations:
  - commit_sha: 298b1d0ee88b6637d99742bff32b353cfbd5b32e
    tree_hash: 5e94ea993931a768a9df010fe0bccdf52d154846
    timestamp: 2026-05-19T19:48:36.665Z
    cli_version: unknown
    generator_versions: {}
  - commit_sha: 0dd219c7b903329d9db2fb5b9fb570f2fd6e1a39
    tree_hash: 7a0aadd77d8091d4846b0968fc36d335be98a66d
    timestamp: 2026-06-08T18:13:52.357Z
    cli_version: unknown
    generator_versions:
      fernapi/fern-ruby-sdk: 1.1.13
  - commit_sha: 3f7bc10e75ced0491ab79b97ad6728099789257f
    tree_hash: c0da19d256703af10c64a60eb7b5bac46c309176
    timestamp: 2026-06-16T15:23:35.904Z
    cli_version: unknown
    generator_versions:
      fernapi/fern-ruby-sdk: 1.1.13
  - commit_sha: 7ff89cac80a7358534185779ed4992b755919d97
    tree_hash: 0067d3b0febf9fcc16a4e73c0b6df32358a38c52
    timestamp: 2026-06-22T12:02:24.084Z
    cli_version: unknown
    generator_versions:
      fernapi/fern-ruby-sdk: 1.1.13
  - commit_sha: 8487841eae05855059210650ab3ee913538f1afc
    tree_hash: 391a12403ced58b9d8dfaa76de05467a95b1b8f9
    timestamp: 2026-06-22T18:51:25.550Z
    cli_version: unknown
    generator_versions:
      fernapi/fern-ruby-sdk: 1.1.13
  - commit_sha: c93862aca1a52c6c033c908ebab873ca9ef6e401
    tree_hash: 8af2113b2953c214b34eb7360fb741106399623c
    timestamp: 2026-07-14T14:45:31.832Z
    cli_version: unknown
    generator_versions:
      fernapi/fern-ruby-sdk: 1.1.13
  - commit_sha: dfe70dc9f1f1787aa5b55f6802739898633c35c7
    tree_hash: 114498346f315168be50ca9bf5c9f463bcfe3303
    timestamp: 2026-07-22T19:30:43.525Z
    cli_version: unknown
    generator_versions:
      fernapi/fern-ruby-sdk: 1.1.13
  - commit_sha: 6d4bb962eb2a83ad3a76662f58edbd07cc5fdadf
    tree_hash: 9ec72264899730d464919a3605eb3a6667ba9464
    timestamp: 2026-07-27T18:37:54.168Z
    cli_version: unknown
    generator_versions:
      fernapi/fern-ruby-sdk: 1.1.13
  - commit_sha: 4c98e0c88a5af9323ad047925ea28dec7a8bf762
    tree_hash: 5938d855931f4f2f06decd637d97c2d609434891
    timestamp: 2026-08-03T11:04:40.862Z
    cli_version: unknown
    generator_versions:
      fernapi/fern-ruby-sdk: 1.1.13
  - commit_sha: 08bb53f51fc9cf2cc4e0b0b303167d8d1e6fbf0e
    tree_hash: 4d178b386600e95e5e5d3a0e8eca8f586421d8ec
    timestamp: 2026-08-10T10:28:58.021Z
    cli_version: unknown
    generator_versions:
      fernapi/fern-ruby-sdk: 1.1.13
  - commit_sha: 25497874a46bed5955dc9fcb6effc4d6bfafea9b
    tree_hash: 111ecbe19a029b291a029131dffdff707a48d5af
    timestamp: 2026-08-17T10:12:00.906Z
    cli_version: unknown
    generator_versions:
      fernapi/fern-ruby-sdk: 1.1.13
  - commit_sha: a8692cf0b5fbf1bf984d1f70375e08731b5f5482
    tree_hash: b3208580fd2babfc4431a917eba5d5028c22d74e
    timestamp: 2026-08-24T10:14:16.401Z
    cli_version: unknown
    generator_versions:
      fernapi/fern-ruby-sdk: 1.23.2
  - commit_sha: 67f9937764d88f96352beba4a48e64bd6cd13afb
    tree_hash: dfe7c09296aa8a8b6a52b8ce71be1c5752722cc0
    timestamp: 2026-08-31T10:02:30.491Z
    cli_version: unknown
    generator_versions:
      fernapi/fern-ruby-sdk: 1.23.2
  - commit_sha: d57c23ea04698dbe0f4b64fdf38a7a56aebc3b6e
    tree_hash: d882e89d295bd48600db56e21a2a39a6e97e6dae
    timestamp: 2026-09-05T06:36:54.355Z
    cli_version: unknown
    generator_versions:
      fernapi/fern-ruby-sdk: 1.24.0
  - commit_sha: 9f7c0e7191008450dd67353d317c276d6d1c43ed
    tree_hash: 86ca39f848321da10832015e9ef9ef023cfc185a
    timestamp: 2026-09-07T10:02:16.279Z
    cli_version: unknown
    generator_versions:
      fernapi/fern-ruby-sdk: 1.24.0
  - commit_sha: d05fffcdc7a4621681b02daf3eac12c13724b8cf
    tree_hash: b1709e6bbbf80361f6fc24bfb086ae6bc9348ce1
    timestamp: 2026-09-14T19:48:58.256Z
    cli_version: unknown
    generator_versions:
      fernapi/fern-ruby-sdk: 1.24.1
  - commit_sha: d5a92851233562e02f773dcdeda66fb4f7cc8845
    tree_hash: 462667173c7123dc20e867b1337e7dc812db70ac
    timestamp: 2026-09-17T06:09:25.350Z
    cli_version: unknown
    generator_versions:
      fernapi/fern-ruby-sdk: 1.25.0
  - commit_sha: e22ae14fff5d0a5d3222b98154a1d1bc42b99dd8
    tree_hash: 5897e521ec8b157b12d16cf557e268a84c0f2ffa
    timestamp: 2026-09-21T10:02:18.804Z
    cli_version: unknown
    generator_versions:
      fernapi/fern-ruby-sdk: 1.25.0
  - commit_sha: ec0eabecc3325dfe0a69590f9a2f4e52c3c18ade
    tree_hash: 10ac19e0d7c216b0cf04c6620979634798d2ca8a
    timestamp: 2026-09-28T10:03:35.278Z
    cli_version: unknown
    generator_versions:
      fernapi/fern-ruby-sdk: 1.25.0
  - commit_sha: eae816455d05776057b4d684b5cd4effe47ef299
    tree_hash: 3af6229006f1467db74835ba62abc1dcff846262
    timestamp: 2026-10-05T10:05:38.729Z
    cli_version: unknown
    generator_versions:
      fernapi/fern-ruby-sdk: 1.25.0
current_generation: eae816455d05776057b4d684b5cd4effe47ef299
patches: []
