# DO NOT EDIT MANUALLY - Managed by Fern Replay
version: "1.0"
generations:
  - commit_sha: 298b1d0ee88b6637d99742bff32b353cfbd5b32e
    tree_hash: 5e94ea993931a768a9df010fe0bccdf52d154846
    timestamp: 2026-05-19T19:48:36.665Z
    cli_version: unknown
    generator_versions: {}
  - commit_sha: 0dd219c7b903329d9db2fb5b9fb570f2fd6e1a39
    tree_hash: 7a0aadd77d8091d4846b0968fc36d335be98a66d
    timestamp: 2026-06-08T18:13:52.357Z
    cli_version: unknown
    generator_versions:
      fernapi/fern-ruby-sdk: 1.1.13
  - commit_sha: 3f7bc10e75ced0491ab79b97ad6728099789257f
    tree_hash: c0da19d256703af10c64a60eb7b5bac46c309176
    timestamp: 2026-06-16T15:23:35.904Z
    cli_version: unknown
    generator_versions:
      fernapi/fern-ruby-sdk: 1.1.13
  - commit_sha: 7ff89cac80a7358534185779ed4992b755919d97
    tree_hash: 0067d3b0febf9fcc16a4e73c0b6df32358a38c52
    timestamp: 2026-06-22T12:02:24.084Z
    cli_version: unknown
    generator_versions:
      fernapi/fern-ruby-sdk: 1.1.13
  - commit_sha: 8487841eae05855059210650ab3ee913538f1afc
    tree_hash: 391a12403ced58b9d8dfaa76de05467a95b1b8f9
    timestamp: 2026-06-22T18:51:25.550Z
    cli_version: unknown
    generator_versions:
      fernapi/fern-ruby-sdk: 1.1.13
  - commit_sha: c93862aca1a52c6c033c908ebab873ca9ef6e401
    tree_hash: 8af2113b2953c214b34eb7360fb741106399623c
    timestamp: 2026-07-14T14:45:31.832Z
    cli_version: unknown
    generator_versions:
      fernapi/fern-ruby-sdk: 1.1.13
  - commit_sha: dfe70dc9f1f1787aa5b55f6802739898633c35c7
    tree_hash: 114498346f315168be50ca9bf5c9f463bcfe3303
    timestamp: 2026-07-22T19:30:43.525Z
    cli_version: unknown
    generator_versions:
      fernapi/fern-ruby-sdk: 1.1.13
  - commit_sha: 6d4bb962eb2a83ad3a76662f58edbd07cc5fdadf
    tree_hash: 9ec72264899730d464919a3605eb3a6667ba9464
    timestamp: 2026-07-27T18:37:54.168Z
    cli_version: unknown
    generator_versions:
      fernapi/fern-ruby-sdk: 1.1.13
  - commit_sha: 4c98e0c88a5af9323ad047925ea28dec7a8bf762
    tree_hash: 5938d855931f4f2f06decd637d97c2d609434891
    timestamp: 2026-08-03T11:04:40.862Z
    cli_version: unknown
    generator_versions:
      fernapi/fern-ruby-sdk: 1.1.13
  - commit_sha: 08bb53f51fc9cf2cc4e0b0b303167d8d1e6fbf0e
    tree_hash: 4d178b386600e95e5e5d3a0e8eca8f586421d8ec
    timestamp: 2026-08-10T10:28:58.021Z
    cli_version: unknown
    generator_versions:
      fernapi/fern-ruby-sdk: 1.1.13
  - commit_sha: 25497874a46bed5955dc9fcb6effc4d6bfafea9b
    tree_hash: 111ecbe19a029b291a029131dffdff707a48d5af
    timestamp: 2026-08-17T10:12:00.906Z
    cli_version: unknown
    generator_versions:
      fernapi/fern-ruby-sdk: 1.1.13
  - commit_sha: a8692cf0b5fbf1bf984d1f70375e08731b5f5482
    tree_hash: b3208580fd2babfc4431a917eba5d5028c22d74e
    timestamp: 2026-08-24T10:14:16.401Z
    cli_version: unknown
    generator_versions:
      fernapi/fern-ruby-sdk: 1.23.2
  - commit_sha: 67f9937764d88f96352beba4a48e64bd6cd13afb
    tree_hash: dfe7c09296aa8a8b6a52b8ce71be1c5752722cc0
    timestamp: 2026-08-31T10:02:30.491Z
    cli_version: unknown
    generator_versions:
      fernapi/fern-ruby-sdk: 1.23.2
current_generation: 67f9937764d88f96352beba4a48e64bd6cd13afb
patches:
  - id: patch-5da692c2
    content_hash: sha256:e652287219a0a709e16112ced444e6472c6fa8bdfe888edf868caaf9769a9472
    original_commit: 5da692c20aef08577d900f9a860b5f78a549418e
    original_message: inject host time into datastream wasm rules engine (SCHY-471)
    original_author: Christopher Brady <chris@schematichq.com>
    base_generation: 67f9937764d88f96352beba4a48e64bd6cd13afb
    files:
      - test/rules_engine_clock_test.rb
    patch_content: |
      diff --git a/test/rules_engine_clock_test.rb b/test/rules_engine_clock_test.rb
      new file mode 100644
      index 0000000..8711b5e
      --- /dev/null
      +++ b/test/rules_engine_clock_test.rb
      @@ -0,0 +1,75 @@
      +# frozen_string_literal: true
      +
      +require_relative "test_helper"
      +require "minitest/autorun"
      +
      +# Regression for SCHY-471.
      +#
      +# A company-override entitlement rule whose metric condition uses a
      +# calendar/billing metric period drives the engine into the metric-period-reset
      +# code path, which needs a wall clock. On the raw wasm32-unknown-unknown build
      +# that path used to trap (+wasm unreachable+); the flag then wrongly fell back to
      +# its default value for a company that is legitimately entitled. The host now
      +# injects the current time via +setCurrentTimeMillis+ so this evaluates cleanly.
      +class RulesEngineClockTest < Minitest::Test
      +  def setup
      +    @engine = Schematic::RulesEngine.new
      +    @engine.initialize!
      +    # The wasm binary is fetched via scripts/download-wasm.sh and may be absent
      +    # (or the wasmtime gem missing) in some environments — skip rather than fail.
      +    skip "WASM rules engine unavailable (wasm binary or wasmtime gem missing)" unless @engine.initialized?
      +  end
      +
      +  def flag
      +    {
      +      "id" => "flag1", "key" => "mcp-access", "account_id" => "acc_1",
      +      "environment_id" => "env_1", "default_value" => false, "rules" => []
      +    }
      +  end
      +
      +  # Usage 40 < allocation 100, so the override grants the feature.
      +  def entitled_company
      +    {
      +      "id" => "co_entitled", "account_id" => "acc_1", "environment_id" => "env_1",
      +      "keys" => { "id" => "co_entitled" },
      +      "metrics" => [{
      +        "account_id" => "acc_1", "environment_id" => "env_1", "company_id" => "co_entitled",
      +        "event_subtype" => "api-calls", "period" => "current_month",
      +        "month_reset" => "billing_cycle", "value" => 40, "created_at" => "2023-01-01T00:00:00Z"
      +      }],
      +      "rules" => [{
      +        "id" => "rule_override", "flag_id" => "flag1", "account_id" => "acc_1",
      +        "environment_id" => "env_1", "name" => "Company Override",
      +        "rule_type" => "company_override", "priority" => 0, "value" => true,
      +        "condition_groups" => [],
      +        "conditions" => [
      +          {
      +            "id" => "cond_company", "account_id" => "acc_1", "environment_id" => "env_1",
      +            "condition_type" => "company", "operator" => "eq",
      +            "resource_ids" => ["co_entitled"], "trait_value" => ""
      +          },
      +          {
      +            "id" => "cond_metric", "account_id" => "acc_1", "environment_id" => "env_1",
      +            "condition_type" => "metric", "operator" => "lt", "event_subtype" => "api-calls",
      +            "metric_value" => 100, "metric_period" => "current_month",
      +            "metric_period_month_reset" => "billing_cycle", "trait_value" => "100"
      +          }
      +        ]
      +      }]
      +    }
      +  end
      +
      +  def test_billing_metric_override_evaluates_without_trapping
      +    result = @engine.check_flag(flag, entitled_company)
      +
      +    assert result[:value], "company override should grant the flag, not fall back to default false"
      +    assert_match(/override/i, result[:reason].to_s)
      +  end
      +
      +  def test_billing_metric_override_populates_reset_at
      +    result = @engine.check_flag(flag, entitled_company)
      +
      +    refute_nil result[:feature_usage_reset_at],
      +               "reset-at should be computed from the injected host time"
      +  end
      +end
    theirs_snapshot:
      test/rules_engine_clock_test.rb: |
        # frozen_string_literal: true

        require_relative "test_helper"
        require "minitest/autorun"

        # Regression for SCHY-471.
        #
        # A company-override entitlement rule whose metric condition uses a
        # calendar/billing metric period drives the engine into the metric-period-reset
        # code path, which needs a wall clock. On the raw wasm32-unknown-unknown build
        # that path used to trap (+wasm unreachable+); the flag then wrongly fell back to
        # its default value for a company that is legitimately entitled. The host now
        # injects the current time via +setCurrentTimeMillis+ so this evaluates cleanly.
        class RulesEngineClockTest < Minitest::Test
          def setup
            @engine = Schematic::RulesEngine.new
            @engine.initialize!
            # The wasm binary is fetched via scripts/download-wasm.sh and may be absent
            # (or the wasmtime gem missing) in some environments — skip rather than fail.
            skip "WASM rules engine unavailable (wasm binary or wasmtime gem missing)" unless @engine.initialized?
          end

          def flag
            {
              "id" => "flag1", "key" => "mcp-access", "account_id" => "acc_1",
              "environment_id" => "env_1", "default_value" => false, "rules" => []
            }
          end

          # Usage 40 < allocation 100, so the override grants the feature.
          def entitled_company
            {
              "id" => "co_entitled", "account_id" => "acc_1", "environment_id" => "env_1",
              "keys" => { "id" => "co_entitled" },
              "metrics" => [{
                "account_id" => "acc_1", "environment_id" => "env_1", "company_id" => "co_entitled",
                "event_subtype" => "api-calls", "period" => "current_month",
                "month_reset" => "billing_cycle", "value" => 40, "created_at" => "2023-01-01T00:00:00Z"
              }],
              "rules" => [{
                "id" => "rule_override", "flag_id" => "flag1", "account_id" => "acc_1",
                "environment_id" => "env_1", "name" => "Company Override",
                "rule_type" => "company_override", "priority" => 0, "value" => true,
                "condition_groups" => [],
                "conditions" => [
                  {
                    "id" => "cond_company", "account_id" => "acc_1", "environment_id" => "env_1",
                    "condition_type" => "company", "operator" => "eq",
                    "resource_ids" => ["co_entitled"], "trait_value" => ""
                  },
                  {
                    "id" => "cond_metric", "account_id" => "acc_1", "environment_id" => "env_1",
                    "condition_type" => "metric", "operator" => "lt", "event_subtype" => "api-calls",
                    "metric_value" => 100, "metric_period" => "current_month",
                    "metric_period_month_reset" => "billing_cycle", "trait_value" => "100"
                  }
                ]
              }]
            }
          end

          def test_billing_metric_override_evaluates_without_trapping
            result = @engine.check_flag(flag, entitled_company)

            assert result[:value], "company override should grant the flag, not fall back to default false"
            assert_match(/override/i, result[:reason].to_s)
          end

          def test_billing_metric_override_populates_reset_at
            result = @engine.check_flag(flag, entitled_company)

            refute_nil result[:feature_usage_reset_at],
                       "reset-at should be computed from the injected host time"
          end
        end
    user_owned: true
  - id: patch-ee61788c
    content_hash: sha256:e652287219a0a709e16112ced444e6472c6fa8bdfe888edf868caaf9769a9472
    original_commit: ee61788c5a83fce5dd5768b2536391459550d176
    original_message: fix rubocop offenses in clock regression test (SCHY-471)
    original_author: Christopher Brady <chris@schematichq.com>
    base_generation: 67f9937764d88f96352beba4a48e64bd6cd13afb
    files:
      - test/rules_engine_clock_test.rb
    patch_content: |
      diff --git a/test/rules_engine_clock_test.rb b/test/rules_engine_clock_test.rb
      new file mode 100644
      index 0000000..8711b5e
      --- /dev/null
      +++ b/test/rules_engine_clock_test.rb
      @@ -0,0 +1,75 @@
      +# frozen_string_literal: true
      +
      +require_relative "test_helper"
      +require "minitest/autorun"
      +
      +# Regression for SCHY-471.
      +#
      +# A company-override entitlement rule whose metric condition uses a
      +# calendar/billing metric period drives the engine into the metric-period-reset
      +# code path, which needs a wall clock. On the raw wasm32-unknown-unknown build
      +# that path used to trap (+wasm unreachable+); the flag then wrongly fell back to
      +# its default value for a company that is legitimately entitled. The host now
      +# injects the current time via +setCurrentTimeMillis+ so this evaluates cleanly.
      +class RulesEngineClockTest < Minitest::Test
      +  def setup
      +    @engine = Schematic::RulesEngine.new
      +    @engine.initialize!
      +    # The wasm binary is fetched via scripts/download-wasm.sh and may be absent
      +    # (or the wasmtime gem missing) in some environments — skip rather than fail.
      +    skip "WASM rules engine unavailable (wasm binary or wasmtime gem missing)" unless @engine.initialized?
      +  end
      +
      +  def flag
      +    {
      +      "id" => "flag1", "key" => "mcp-access", "account_id" => "acc_1",
      +      "environment_id" => "env_1", "default_value" => false, "rules" => []
      +    }
      +  end
      +
      +  # Usage 40 < allocation 100, so the override grants the feature.
      +  def entitled_company
      +    {
      +      "id" => "co_entitled", "account_id" => "acc_1", "environment_id" => "env_1",
      +      "keys" => { "id" => "co_entitled" },
      +      "metrics" => [{
      +        "account_id" => "acc_1", "environment_id" => "env_1", "company_id" => "co_entitled",
      +        "event_subtype" => "api-calls", "period" => "current_month",
      +        "month_reset" => "billing_cycle", "value" => 40, "created_at" => "2023-01-01T00:00:00Z"
      +      }],
      +      "rules" => [{
      +        "id" => "rule_override", "flag_id" => "flag1", "account_id" => "acc_1",
      +        "environment_id" => "env_1", "name" => "Company Override",
      +        "rule_type" => "company_override", "priority" => 0, "value" => true,
      +        "condition_groups" => [],
      +        "conditions" => [
      +          {
      +            "id" => "cond_company", "account_id" => "acc_1", "environment_id" => "env_1",
      +            "condition_type" => "company", "operator" => "eq",
      +            "resource_ids" => ["co_entitled"], "trait_value" => ""
      +          },
      +          {
      +            "id" => "cond_metric", "account_id" => "acc_1", "environment_id" => "env_1",
      +            "condition_type" => "metric", "operator" => "lt", "event_subtype" => "api-calls",
      +            "metric_value" => 100, "metric_period" => "current_month",
      +            "metric_period_month_reset" => "billing_cycle", "trait_value" => "100"
      +          }
      +        ]
      +      }]
      +    }
      +  end
      +
      +  def test_billing_metric_override_evaluates_without_trapping
      +    result = @engine.check_flag(flag, entitled_company)
      +
      +    assert result[:value], "company override should grant the flag, not fall back to default false"
      +    assert_match(/override/i, result[:reason].to_s)
      +  end
      +
      +  def test_billing_metric_override_populates_reset_at
      +    result = @engine.check_flag(flag, entitled_company)
      +
      +    refute_nil result[:feature_usage_reset_at],
      +               "reset-at should be computed from the injected host time"
      +  end
      +end
    theirs_snapshot:
      test/rules_engine_clock_test.rb: |
        # frozen_string_literal: true

        require_relative "test_helper"
        require "minitest/autorun"

        # Regression for SCHY-471.
        #
        # A company-override entitlement rule whose metric condition uses a
        # calendar/billing metric period drives the engine into the metric-period-reset
        # code path, which needs a wall clock. On the raw wasm32-unknown-unknown build
        # that path used to trap (+wasm unreachable+); the flag then wrongly fell back to
        # its default value for a company that is legitimately entitled. The host now
        # injects the current time via +setCurrentTimeMillis+ so this evaluates cleanly.
        class RulesEngineClockTest < Minitest::Test
          def setup
            @engine = Schematic::RulesEngine.new
            @engine.initialize!
            # The wasm binary is fetched via scripts/download-wasm.sh and may be absent
            # (or the wasmtime gem missing) in some environments — skip rather than fail.
            skip "WASM rules engine unavailable (wasm binary or wasmtime gem missing)" unless @engine.initialized?
          end

          def flag
            {
              "id" => "flag1", "key" => "mcp-access", "account_id" => "acc_1",
              "environment_id" => "env_1", "default_value" => false, "rules" => []
            }
          end

          # Usage 40 < allocation 100, so the override grants the feature.
          def entitled_company
            {
              "id" => "co_entitled", "account_id" => "acc_1", "environment_id" => "env_1",
              "keys" => { "id" => "co_entitled" },
              "metrics" => [{
                "account_id" => "acc_1", "environment_id" => "env_1", "company_id" => "co_entitled",
                "event_subtype" => "api-calls", "period" => "current_month",
                "month_reset" => "billing_cycle", "value" => 40, "created_at" => "2023-01-01T00:00:00Z"
              }],
              "rules" => [{
                "id" => "rule_override", "flag_id" => "flag1", "account_id" => "acc_1",
                "environment_id" => "env_1", "name" => "Company Override",
                "rule_type" => "company_override", "priority" => 0, "value" => true,
                "condition_groups" => [],
                "conditions" => [
                  {
                    "id" => "cond_company", "account_id" => "acc_1", "environment_id" => "env_1",
                    "condition_type" => "company", "operator" => "eq",
                    "resource_ids" => ["co_entitled"], "trait_value" => ""
                  },
                  {
                    "id" => "cond_metric", "account_id" => "acc_1", "environment_id" => "env_1",
                    "condition_type" => "metric", "operator" => "lt", "event_subtype" => "api-calls",
                    "metric_value" => 100, "metric_period" => "current_month",
                    "metric_period_month_reset" => "billing_cycle", "trait_value" => "100"
                  }
                ]
              }]
            }
          end

          def test_billing_metric_override_evaluates_without_trapping
            result = @engine.check_flag(flag, entitled_company)

            assert result[:value], "company override should grant the flag, not fall back to default false"
            assert_match(/override/i, result[:reason].to_s)
          end

          def test_billing_metric_override_populates_reset_at
            result = @engine.check_flag(flag, entitled_company)

            refute_nil result[:feature_usage_reset_at],
                       "reset-at should be computed from the injected host time"
          end
        end
    user_owned: true
