# DO NOT EDIT MANUALLY - Managed by Fern Replay
version: "1.0"
generations:
  - commit_sha: 298b1d0ee88b6637d99742bff32b353cfbd5b32e
    tree_hash: 5e94ea993931a768a9df010fe0bccdf52d154846
    timestamp: 2026-05-19T19:48:36.665Z
    cli_version: unknown
    generator_versions: {}
  - commit_sha: 0dd219c7b903329d9db2fb5b9fb570f2fd6e1a39
    tree_hash: 7a0aadd77d8091d4846b0968fc36d335be98a66d
    timestamp: 2026-06-08T18:13:52.357Z
    cli_version: unknown
    generator_versions:
      fernapi/fern-ruby-sdk: 1.1.13
  - commit_sha: 3f7bc10e75ced0491ab79b97ad6728099789257f
    tree_hash: c0da19d256703af10c64a60eb7b5bac46c309176
    timestamp: 2026-06-16T15:23:35.904Z
    cli_version: unknown
    generator_versions:
      fernapi/fern-ruby-sdk: 1.1.13
  - commit_sha: 7ff89cac80a7358534185779ed4992b755919d97
    tree_hash: 0067d3b0febf9fcc16a4e73c0b6df32358a38c52
    timestamp: 2026-06-22T12:02:24.084Z
    cli_version: unknown
    generator_versions:
      fernapi/fern-ruby-sdk: 1.1.13
  - commit_sha: 8487841eae05855059210650ab3ee913538f1afc
    tree_hash: 391a12403ced58b9d8dfaa76de05467a95b1b8f9
    timestamp: 2026-06-22T18:51:25.550Z
    cli_version: unknown
    generator_versions:
      fernapi/fern-ruby-sdk: 1.1.13
  - commit_sha: c93862aca1a52c6c033c908ebab873ca9ef6e401
    tree_hash: 8af2113b2953c214b34eb7360fb741106399623c
    timestamp: 2026-07-14T14:45:31.832Z
    cli_version: unknown
    generator_versions:
      fernapi/fern-ruby-sdk: 1.1.13
current_generation: c93862aca1a52c6c033c908ebab873ca9ef6e401
patches: []
